
Microsoft Visual Studio Solution File, Format Version 12.00
Project("{2150E333-8FDC-42A3-9474-1A3956D46DE8}") = "Schema", "Schema", "{A348925A-518E-4B9C-8761-3A17ACA6A469}"
EndProject
Project("{FAE04EC0-301F-11D3-BF4B-00C04F79EFBC}") = "RIDC.Schema", "src\RIDC.Schema\RIDC.Schema.csproj", "{63A186C7-7D30-4CDB-847B-C43371C35E40}"
EndProject
Project("{FAE04EC0-301F-11D3-BF4B-00C04F79EFBC}") = "RIDC.Schema.Json", "src\RIDC.Schema.Json\RIDC.Schema.Json.csproj", "{6524EAFB-5C1E-47AF-8056-0CD021EE52FA}"
EndProject
Project("{2150E333-8FDC-42A3-9474-1A3956D46DE8}") = "Database", "Database", "{056EEE0F-7969-47D2-9AAD-36E4DE0A4355}"
EndProject
Project("{FAE04EC0-301F-11D3-BF4B-00C04F79EFBC}") = "RIDC.Database", "src\RIDC.Database\RIDC.Database.csproj", "{24B02D40-7BEF-4D0A-8AB2-8FAAD9EA0143}"
EndProject
Project("{2150E333-8FDC-42A3-9474-1A3956D46DE8}") = "Shared", "Shared", "{6FE62392-F292-431F-B1B8-896FFC546AD7}"
EndProject
Project("{FAE04EC0-301F-11D3-BF4B-00C04F79EFBC}") = "RIDC.Shared", "src\RIDC.Shared\RIDC.Shared.csproj", "{C1CB5C87-C1C4-4960-BF16-345DEDBDD403}"
EndProject
Project("{2150E333-8FDC-42A3-9474-1A3956D46DE8}") = "App", "App", "{9AADA58A-2830-4B57-8DE2-153451B250A3}"
EndProject
Project("{FAE04EC0-301F-11D3-BF4B-00C04F79EFBC}") = "RIDC.App.Api", "src\RIDC.App.Api\RIDC.App.Api.csproj", "{FB2EB2CD-688E-4DA9-832C-9743FC61CA37}"
EndProject
Project("{2150E333-8FDC-42A3-9474-1A3956D46DE8}") = "Provider", "Provider", "{38C96627-4155-4EDD-87BD-EE2C5E675165}"
EndProject
Project("{FAE04EC0-301F-11D3-BF4B-00C04F79EFBC}") = "RIDC.Provider.Database", "src\RIDC.Provider.Database\RIDC.Provider.Database.csproj", "{C10E627D-51E7-4098-A324-ABF90880FAA5}"
EndProject
Project("{FAE04EC0-301F-11D3-BF4B-00C04F79EFBC}") = "RIDC.Provider.Configuration", "src\RIDC.Provider.Configuration\RIDC.Provider.Configuration.csproj", "{D3F8266F-3DD7-4C9A-A88D-C1A1BA781F08}"
EndProject
Project("{2150E333-8FDC-42A3-9474-1A3956D46DE8}") = "Migrations", "Migrations", "{DDD04E7B-8411-464F-A023-DAE229182ABE}"
EndProject
Project("{FAE04EC0-301F-11D3-BF4B-00C04F79EFBC}") = "RIDC.Database.Migrations.PgSql", "src\RIDC.Database.Migrations.PgSql\RIDC.Database.Migrations.PgSql.csproj", "{208DFC99-0DC1-4CF9-B20C-7E72A350F7F9}"
EndProject
Project("{FAE04EC0-301F-11D3-BF4B-00C04F79EFBC}") = "RIDC.Database.Migrations.MySql", "src\RIDC.Database.Migrations.MySql\RIDC.Database.Migrations.MySql.csproj", "{166B1959-AE52-48B9-B7CC-09632ED56EAB}"
EndProject
Project("{FAE04EC0-301F-11D3-BF4B-00C04F79EFBC}") = "RIDC.Database.Migrations.MySqlClassic", "src\RIDC.Database.Migrations.MySqlClassic\RIDC.Database.Migrations.MySqlClassic.csproj", "{CB8C50EC-D374-4B73-BD24-CDE4A935EC08}"
EndProject
Project("{FAE04EC0-301F-11D3-BF4B-00C04F79EFBC}") = "RIDC.Database.Migrations.Sqlite", "src\RIDC.Database.Migrations.Sqlite\RIDC.Database.Migrations.Sqlite.csproj", "{2C56A1B7-6A86-4279-9B29-CA08425F8D7E}"
EndProject
Project("{FAE04EC0-301F-11D3-BF4B-00C04F79EFBC}") = "RIDC.Database.Migrations.MariaDb", "src\RIDC.Database.Migrations.MariaDb\RIDC.Database.Migrations.MariaDb.csproj", "{C7F16491-8155-48FA-BDB7-E88E280DFC61}"
EndProject
Project("{FAE04EC0-301F-11D3-BF4B-00C04F79EFBC}") = "RIDC.Database.Migrations", "src\RIDC.Database.Migrations\RIDC.Database.Migrations.csproj", "{28734737-A716-466D-BE0B-01DF883DA11D}"
EndProject
Project("{FAE04EC0-301F-11D3-BF4B-00C04F79EFBC}") = "RIDC.App.Updater", "src\RIDC.App.Updater\RIDC.App.Updater.csproj", "{610E82E5-7546-4C9E-9839-47D546A87262}"
EndProject
Project("{FAE04EC0-301F-11D3-BF4B-00C04F79EFBC}") = "RIDC.Provider.Logger", "src\RIDC.Provider.Logger\RIDC.Provider.Logger.csproj", "{4265D9BF-45EA-415A-A062-053D03402A6E}"
EndProject
Project("{2150E333-8FDC-42A3-9474-1A3956D46DE8}") = "Storage", "Storage", "{C14B5BA6-6067-4424-A04C-A3EFFE8DA531}"
EndProject
Project("{FAE04EC0-301F-11D3-BF4B-00C04F79EFBC}") = "RIDC.Storage.Base", "src\RIDC.Storage.Base\RIDC.Storage.Base.csproj", "{83EC5077-0ACE-4360-A7DC-F0C19110140D}"
EndProject
Project("{FAE04EC0-301F-11D3-BF4B-00C04F79EFBC}") = "RIDC.Storage.S3", "src\RIDC.Storage.S3\RIDC.Storage.S3.csproj", "{80C543F2-B519-4107-B374-E6ED7DF81DF2}"
EndProject
Project("{FAE04EC0-301F-11D3-BF4B-00C04F79EFBC}") = "RIDC.Provider.Storage", "src\RIDC.Provider.Storage\RIDC.Provider.Storage.csproj", "{F0B531C4-FCE1-4911-8375-0D1AAD16A368}"
EndProject
Global
	GlobalSection(SolutionConfigurationPlatforms) = preSolution
		Debug|Any CPU = Debug|Any CPU
		Release|Any CPU = Release|Any CPU
	EndGlobalSection
	GlobalSection(NestedProjects) = preSolution
		{63A186C7-7D30-4CDB-847B-C43371C35E40} = {A348925A-518E-4B9C-8761-3A17ACA6A469}
		{6524EAFB-5C1E-47AF-8056-0CD021EE52FA} = {A348925A-518E-4B9C-8761-3A17ACA6A469}
		{24B02D40-7BEF-4D0A-8AB2-8FAAD9EA0143} = {056EEE0F-7969-47D2-9AAD-36E4DE0A4355}
		{C1CB5C87-C1C4-4960-BF16-345DEDBDD403} = {6FE62392-F292-431F-B1B8-896FFC546AD7}
		{FB2EB2CD-688E-4DA9-832C-9743FC61CA37} = {9AADA58A-2830-4B57-8DE2-153451B250A3}
		{C10E627D-51E7-4098-A324-ABF90880FAA5} = {38C96627-4155-4EDD-87BD-EE2C5E675165}
		{D3F8266F-3DD7-4C9A-A88D-C1A1BA781F08} = {38C96627-4155-4EDD-87BD-EE2C5E675165}
		{DDD04E7B-8411-464F-A023-DAE229182ABE} = {056EEE0F-7969-47D2-9AAD-36E4DE0A4355}
		{208DFC99-0DC1-4CF9-B20C-7E72A350F7F9} = {DDD04E7B-8411-464F-A023-DAE229182ABE}
		{166B1959-AE52-48B9-B7CC-09632ED56EAB} = {DDD04E7B-8411-464F-A023-DAE229182ABE}
		{CB8C50EC-D374-4B73-BD24-CDE4A935EC08} = {DDD04E7B-8411-464F-A023-DAE229182ABE}
		{2C56A1B7-6A86-4279-9B29-CA08425F8D7E} = {DDD04E7B-8411-464F-A023-DAE229182ABE}
		{C7F16491-8155-48FA-BDB7-E88E280DFC61} = {DDD04E7B-8411-464F-A023-DAE229182ABE}
		{28734737-A716-466D-BE0B-01DF883DA11D} = {DDD04E7B-8411-464F-A023-DAE229182ABE}
		{610E82E5-7546-4C9E-9839-47D546A87262} = {9AADA58A-2830-4B57-8DE2-153451B250A3}
		{4265D9BF-45EA-415A-A062-053D03402A6E} = {38C96627-4155-4EDD-87BD-EE2C5E675165}
		{83EC5077-0ACE-4360-A7DC-F0C19110140D} = {C14B5BA6-6067-4424-A04C-A3EFFE8DA531}
		{80C543F2-B519-4107-B374-E6ED7DF81DF2} = {C14B5BA6-6067-4424-A04C-A3EFFE8DA531}
		{F0B531C4-FCE1-4911-8375-0D1AAD16A368} = {38C96627-4155-4EDD-87BD-EE2C5E675165}
	EndGlobalSection
	GlobalSection(ProjectConfigurationPlatforms) = postSolution
		{63A186C7-7D30-4CDB-847B-C43371C35E40}.Debug|Any CPU.ActiveCfg = Debug|Any CPU
		{63A186C7-7D30-4CDB-847B-C43371C35E40}.Debug|Any CPU.Build.0 = Debug|Any CPU
		{63A186C7-7D30-4CDB-847B-C43371C35E40}.Release|Any CPU.ActiveCfg = Release|Any CPU
		{63A186C7-7D30-4CDB-847B-C43371C35E40}.Release|Any CPU.Build.0 = Release|Any CPU
		{6524EAFB-5C1E-47AF-8056-0CD021EE52FA}.Debug|Any CPU.ActiveCfg = Debug|Any CPU
		{6524EAFB-5C1E-47AF-8056-0CD021EE52FA}.Debug|Any CPU.Build.0 = Debug|Any CPU
		{6524EAFB-5C1E-47AF-8056-0CD021EE52FA}.Release|Any CPU.ActiveCfg = Release|Any CPU
		{6524EAFB-5C1E-47AF-8056-0CD021EE52FA}.Release|Any CPU.Build.0 = Release|Any CPU
		{24B02D40-7BEF-4D0A-8AB2-8FAAD9EA0143}.Debug|Any CPU.ActiveCfg = Debug|Any CPU
		{24B02D40-7BEF-4D0A-8AB2-8FAAD9EA0143}.Debug|Any CPU.Build.0 = Debug|Any CPU
		{24B02D40-7BEF-4D0A-8AB2-8FAAD9EA0143}.Release|Any CPU.ActiveCfg = Release|Any CPU
		{24B02D40-7BEF-4D0A-8AB2-8FAAD9EA0143}.Release|Any CPU.Build.0 = Release|Any CPU
		{C1CB5C87-C1C4-4960-BF16-345DEDBDD403}.Debug|Any CPU.ActiveCfg = Debug|Any CPU
		{C1CB5C87-C1C4-4960-BF16-345DEDBDD403}.Debug|Any CPU.Build.0 = Debug|Any CPU
		{C1CB5C87-C1C4-4960-BF16-345DEDBDD403}.Release|Any CPU.ActiveCfg = Release|Any CPU
		{C1CB5C87-C1C4-4960-BF16-345DEDBDD403}.Release|Any CPU.Build.0 = Release|Any CPU
		{FB2EB2CD-688E-4DA9-832C-9743FC61CA37}.Debug|Any CPU.ActiveCfg = Debug|Any CPU
		{FB2EB2CD-688E-4DA9-832C-9743FC61CA37}.Debug|Any CPU.Build.0 = Debug|Any CPU
		{FB2EB2CD-688E-4DA9-832C-9743FC61CA37}.Release|Any CPU.ActiveCfg = Release|Any CPU
		{FB2EB2CD-688E-4DA9-832C-9743FC61CA37}.Release|Any CPU.Build.0 = Release|Any CPU
		{C10E627D-51E7-4098-A324-ABF90880FAA5}.Debug|Any CPU.ActiveCfg = Debug|Any CPU
		{C10E627D-51E7-4098-A324-ABF90880FAA5}.Debug|Any CPU.Build.0 = Debug|Any CPU
		{C10E627D-51E7-4098-A324-ABF90880FAA5}.Release|Any CPU.ActiveCfg = Release|Any CPU
		{C10E627D-51E7-4098-A324-ABF90880FAA5}.Release|Any CPU.Build.0 = Release|Any CPU
		{D3F8266F-3DD7-4C9A-A88D-C1A1BA781F08}.Debug|Any CPU.ActiveCfg = Debug|Any CPU
		{D3F8266F-3DD7-4C9A-A88D-C1A1BA781F08}.Debug|Any CPU.Build.0 = Debug|Any CPU
		{D3F8266F-3DD7-4C9A-A88D-C1A1BA781F08}.Release|Any CPU.ActiveCfg = Release|Any CPU
		{D3F8266F-3DD7-4C9A-A88D-C1A1BA781F08}.Release|Any CPU.Build.0 = Release|Any CPU
		{208DFC99-0DC1-4CF9-B20C-7E72A350F7F9}.Debug|Any CPU.ActiveCfg = Debug|Any CPU
		{208DFC99-0DC1-4CF9-B20C-7E72A350F7F9}.Debug|Any CPU.Build.0 = Debug|Any CPU
		{208DFC99-0DC1-4CF9-B20C-7E72A350F7F9}.Release|Any CPU.ActiveCfg = Release|Any CPU
		{208DFC99-0DC1-4CF9-B20C-7E72A350F7F9}.Release|Any CPU.Build.0 = Release|Any CPU
		{166B1959-AE52-48B9-B7CC-09632ED56EAB}.Debug|Any CPU.ActiveCfg = Debug|Any CPU
		{166B1959-AE52-48B9-B7CC-09632ED56EAB}.Debug|Any CPU.Build.0 = Debug|Any CPU
		{166B1959-AE52-48B9-B7CC-09632ED56EAB}.Release|Any CPU.ActiveCfg = Release|Any CPU
		{166B1959-AE52-48B9-B7CC-09632ED56EAB}.Release|Any CPU.Build.0 = Release|Any CPU
		{CB8C50EC-D374-4B73-BD24-CDE4A935EC08}.Debug|Any CPU.ActiveCfg = Debug|Any CPU
		{CB8C50EC-D374-4B73-BD24-CDE4A935EC08}.Debug|Any CPU.Build.0 = Debug|Any CPU
		{CB8C50EC-D374-4B73-BD24-CDE4A935EC08}.Release|Any CPU.ActiveCfg = Release|Any CPU
		{CB8C50EC-D374-4B73-BD24-CDE4A935EC08}.Release|Any CPU.Build.0 = Release|Any CPU
		{2C56A1B7-6A86-4279-9B29-CA08425F8D7E}.Debug|Any CPU.ActiveCfg = Debug|Any CPU
		{2C56A1B7-6A86-4279-9B29-CA08425F8D7E}.Debug|Any CPU.Build.0 = Debug|Any CPU
		{2C56A1B7-6A86-4279-9B29-CA08425F8D7E}.Release|Any CPU.ActiveCfg = Release|Any CPU
		{2C56A1B7-6A86-4279-9B29-CA08425F8D7E}.Release|Any CPU.Build.0 = Release|Any CPU
		{C7F16491-8155-48FA-BDB7-E88E280DFC61}.Debug|Any CPU.ActiveCfg = Debug|Any CPU
		{C7F16491-8155-48FA-BDB7-E88E280DFC61}.Debug|Any CPU.Build.0 = Debug|Any CPU
		{C7F16491-8155-48FA-BDB7-E88E280DFC61}.Release|Any CPU.ActiveCfg = Release|Any CPU
		{C7F16491-8155-48FA-BDB7-E88E280DFC61}.Release|Any CPU.Build.0 = Release|Any CPU
		{28734737-A716-466D-BE0B-01DF883DA11D}.Debug|Any CPU.ActiveCfg = Debug|Any CPU
		{28734737-A716-466D-BE0B-01DF883DA11D}.Debug|Any CPU.Build.0 = Debug|Any CPU
		{28734737-A716-466D-BE0B-01DF883DA11D}.Release|Any CPU.ActiveCfg = Release|Any CPU
		{28734737-A716-466D-BE0B-01DF883DA11D}.Release|Any CPU.Build.0 = Release|Any CPU
		{610E82E5-7546-4C9E-9839-47D546A87262}.Debug|Any CPU.ActiveCfg = Debug|Any CPU
		{610E82E5-7546-4C9E-9839-47D546A87262}.Debug|Any CPU.Build.0 = Debug|Any CPU
		{610E82E5-7546-4C9E-9839-47D546A87262}.Release|Any CPU.ActiveCfg = Release|Any CPU
		{610E82E5-7546-4C9E-9839-47D546A87262}.Release|Any CPU.Build.0 = Release|Any CPU
		{4265D9BF-45EA-415A-A062-053D03402A6E}.Debug|Any CPU.ActiveCfg = Debug|Any CPU
		{4265D9BF-45EA-415A-A062-053D03402A6E}.Debug|Any CPU.Build.0 = Debug|Any CPU
		{4265D9BF-45EA-415A-A062-053D03402A6E}.Release|Any CPU.ActiveCfg = Release|Any CPU
		{4265D9BF-45EA-415A-A062-053D03402A6E}.Release|Any CPU.Build.0 = Release|Any CPU
		{83EC5077-0ACE-4360-A7DC-F0C19110140D}.Debug|Any CPU.ActiveCfg = Debug|Any CPU
		{83EC5077-0ACE-4360-A7DC-F0C19110140D}.Debug|Any CPU.Build.0 = Debug|Any CPU
		{83EC5077-0ACE-4360-A7DC-F0C19110140D}.Release|Any CPU.ActiveCfg = Release|Any CPU
		{83EC5077-0ACE-4360-A7DC-F0C19110140D}.Release|Any CPU.Build.0 = Release|Any CPU
		{80C543F2-B519-4107-B374-E6ED7DF81DF2}.Debug|Any CPU.ActiveCfg = Debug|Any CPU
		{80C543F2-B519-4107-B374-E6ED7DF81DF2}.Debug|Any CPU.Build.0 = Debug|Any CPU
		{80C543F2-B519-4107-B374-E6ED7DF81DF2}.Release|Any CPU.ActiveCfg = Release|Any CPU
		{80C543F2-B519-4107-B374-E6ED7DF81DF2}.Release|Any CPU.Build.0 = Release|Any CPU
		{F0B531C4-FCE1-4911-8375-0D1AAD16A368}.Debug|Any CPU.ActiveCfg = Debug|Any CPU
		{F0B531C4-FCE1-4911-8375-0D1AAD16A368}.Debug|Any CPU.Build.0 = Debug|Any CPU
		{F0B531C4-FCE1-4911-8375-0D1AAD16A368}.Release|Any CPU.ActiveCfg = Release|Any CPU
		{F0B531C4-FCE1-4911-8375-0D1AAD16A368}.Release|Any CPU.Build.0 = Release|Any CPU
	EndGlobalSection
EndGlobal
